
Microsoft Visual Studio Solution File, Format Version 12.00
# Visual Studio Version 16
VisualStudioVersion = 16.0.31205.134
MinimumVisualStudioVersion = 10.0.40219.1
Project("{FAE04EC0-301F-11D3-BF4B-00C04F79EFBC}") = "Museum MVC", "Museum MVC\Museum MVC.csproj", "{A9FD4BDC-1A03-4441-8C44-9C692EE47BC8}"
EndProject
Global
	GlobalSection(SolutionConfigurationPlatforms) = preSolution
		Debug|Any CPU = Debug|Any CPU
		Release|Any CPU = Release|Any CPU
	EndGlobalSection
	GlobalSection(ProjectConfigurationPlatforms) = postSolution
		{A9FD4BDC-1A03-4441-8C44-9C692EE47BC8}.Debug|Any CPU.ActiveCfg = Debug|Any CPU
		{A9FD4BDC-1A03-4441-8C44-9C692EE47BC8}.Debug|Any CPU.Build.0 = Debug|Any CPU
		{A9FD4BDC-1A03-4441-8C44-9C692EE47BC8}.Release|Any CPU.ActiveCfg = Release|Any CPU
		{A9FD4BDC-1A03-4441-8C44-9C692EE47BC8}.Release|Any CPU.Build.0 = Release|Any CPU
	EndGlobalSection
	GlobalSection(SolutionProperties) = preSolution
		HideSolutionNode = FALSE
	EndGlobalSection
	GlobalSection(ExtensibilityGlobals) = postSolution
		SolutionGuid = {224363A4-0712-4585-8B02-ADD68DB23673}
	EndGlobalSection
EndGlobal
